
Microsoft Visual Studio Solution File, Format Version 12.00
# Visual Studio Version 16
VisualStudioVersion = 16.0.30503.244
MinimumVisualStudioVersion = 10.0.40219.1
Project("{FAE04EC0-301F-11D3-BF4B-00C04F79EFBC}") = "TnARecord", "TnARecord_Framework\TnARecord.csproj", "{E103BDBD-3173-4E69-8819-1E9723CC4B1A}"
EndProject
Global
	GlobalSection(SolutionConfigurationPlatforms) = preSolution
		Debug|Any CPU = Debug|Any CPU
		Release|Any CPU = Release|Any CPU
	EndGlobalSection
	GlobalSection(ProjectConfigurationPlatforms) = postSolution
		{E103BDBD-3173-4E69-8819-1E9723CC4B1A}.Debug|Any CPU.ActiveCfg = Debug|Any CPU
		{E103BDBD-3173-4E69-8819-1E9723CC4B1A}.Debug|Any CPU.Build.0 = Debug|Any CPU
		{E103BDBD-3173-4E69-8819-1E9723CC4B1A}.Release|Any CPU.ActiveCfg = Release|Any CPU
		{E103BDBD-3173-4E69-8819-1E9723CC4B1A}.Release|Any CPU.Build.0 = Release|Any CPU
	EndGlobalSection
	GlobalSection(SolutionProperties) = preSolution
		HideSolutionNode = FALSE
	EndGlobalSection
	GlobalSection(ExtensibilityGlobals) = postSolution
		SolutionGuid = {E05F0CFD-4691-4949-B2C7-6D5DD1E13088}
	EndGlobalSection
EndGlobal
